github.com/alecthomas/template v0.0.0-20190718012654-fb15b899a751 h1:JYp7IbQjafoB+tBA3gMyHYHrpOtNuDiK/uB5uXxq5wM=
github.com/alecthomas/template v0.0.0-20190718012654-fb15b899a751/go.mod h1:LOuyumcjzFXgccqObfd/Ljyb9UuFJ6TxHnclSeseNhc=
github.com/alecthomas/units v0.0.0-20210912230133-d1bdfacee922 h1:8ypNbf5sd3Sm3cKJ9waOGoQv6dKAFiFty9L6NP1AqJ4=
github.com/alecthomas/units v0.0.0-20210912230133-d1bdfacee922/go.mod h1:OMCwj8VM1Kc9e19TLln2VL61YJF0x1XFtfdL4JdbSyE=
github.com/ashokhin/ceph-buckets/funcs v0.0.0-20210916131554-8a74da2a7553 h1:n39eSbEELXLHbNko7zh6agSx430IrrTJMBGFM5NvR38=
github.com/ashokhin/ceph-buckets/funcs v0.0.0-20210916131554-8a74da2a7553/go.mod h1:dBFEndzUigaBsX50rn1Wj9J8b82uMqYW1eQfBWnQ2bo=
github.com/ashokhin/ceph-buckets/types v0.0.0-20210910055128-731cc1e6f17c/go.mod h1:96JYmKP1+Qq92AYPwgGIYYmhmoqaiw7Rnkz7/u0HUv8=
github.com/ashokhin/ceph-buckets/types v0.0.0-20210916131554-8a74da2a7553 h1:OZHJRSALNrCMIuOBJbFrc0S+1hRKfoopqMn/uPj3Jmc=
github.com/ashokhin/ceph-buckets/types v0.0.0-20210916131554-8a74da2a7553/go.mod h1:N70i4OcKcYF+GwFEjgYZETNW9WIg85PlqyUrR3t+xLw=
github.com/aws/aws-sdk-go-v2 v1.9.0 h1:+S+dSqQCN3MSU5vJRu1HqHrq00cJn6heIMU7X9hcsoo=
github.com/aws/aws-sdk-go-v2 v1.9.0/go.mod h1:cK/D0BBs0b/oWPIcX/Z/obahJK1TT7IPVjy53i/mX/4=
github.com/aws/aws-sdk-go-v2/config v1.8.1 h1:AcAenV2NVwOViG+3ts73uT08L1olN4NBNNz7lUlHSUo=
github.com/aws/aws-sdk-go-v2/config v1.8.1/go.mod h1:AQtpYfVYjuuft4Dgh0jGSkPQJ9MvmK9vXfSub7oSXlI=
github.com/aws/aws-sdk-go-v2/credentials v1.4.1 h1:oDiUP50hKRwC6xAgESAj46lgL2prJRZQWnCBzn+TU/c=
github.com/aws/aws-sdk-go-v2/credentials v1.4.1/go.mod h1:dgGR+Qq7Wjcd4AOAW5Rf5Tnv3+x7ed6kETXyS9WCuAY=
github.com/aws/aws-sdk-go-v2/feature/ec2/imds v1.5.0 h1:OxTAgH8Y4BXHD6PGCJ8DHx2kaZPCQfSTqmDsdRZFezE=
github.com/aws/aws-sdk-go-v2/feature/ec2/imds v1.5.0/go.mod h1:CpNzHK9VEFUCknu50kkB8z58AH2B5DvPP7ea1LHve/Y=
github.com/aws/aws-sdk-go-v2/internal/ini v1.2.2 h1:d95cddM3yTm4qffj3P6EnP+TzX1SSkWaQypXSgT/hpA=
github.com/aws/aws-sdk-go-v2/internal/ini v1.2.2/go.mod h1:BQV0agm+JEhqR+2RT5e1XTFIDcAAV0eW6z2trp+iduw=
github.com/aws/aws-sdk-go-v2/service/internal/accept-encoding v1.3.0 h1:gceOysEWNNwLd6cki65IMBZ4WAM0MwgBQq2n7kejoT8=
github.com/aws/aws-sdk-go-v2/service/internal/accept-encoding v1.3.0/go.mod h1:v8ygadNyATSm6elwJ/4gzJwcFhri9RqS8skgHKiwXPU=
github.com/aws/aws-sdk-go-v2/service/internal/presigned-url v1.3.0 h1:VNJ5NLBteVXEwE2F1zEXVmyIH58mZ6kIQGJoC7C+vkg=
github.com/aws/aws-sdk-go-v2/service/internal/presigned-url v1.3.0/go.mod h1:R1KK+vY8AfalhG1AOu5e35pOD2SdoPKQCFLTvnxiohk=
github.com/aws/aws-sdk-go-v2/service/internal/s3shared v1.7.0 h1:HWsM0YQWX76V6MOp07YuTYacm8k7h69ObJuw7Nck+og=
github.com/aws/aws-sdk-go-v2/service/internal/s3shared v1.7.0/go.mod h1:LKb3cKNQIMh+itGnEpKGcnL/6OIjPZqrtYah1w5f+3o=
github.com/aws/aws-sdk-go-v2/service/s3 v1.15.0/go.mod h1:Iv2aJVtVSm/D22rFoX99cLG4q4uB7tppuCsulGe98k4=
github.com/aws/aws-sdk-go-v2/service/s3 v1.15.1 h1:fRuWyXBEH2odSOE21Oj85WFxAqXCjwMPGOMyFeaFrAE=
github.com/aws/aws-sdk-go-v2/service/s3 v1.15.1/go.mod h1:Iv2aJVtVSm/D22rFoX99cLG4q4uB7tppuCsulGe98k4=
github.com/aws/aws-sdk-go-v2/service/sso v1.4.0 h1:sHXMIKYS6YiLPzmKSvDpPmOpJDHxmAUgbiF49YNVztg=
github.com/aws/aws-sdk-go-v2/service/sso v1.4.0/go.mod h1:+1fpWnL96DL23aXPpMGbsmKe8jLTEfbjuQoA4WS1VaA=
github.com/aws/aws-sdk-go-v2/service/sts v1.7.0 h1:1at4e5P+lvHNl2nUktdM2/v+rpICg/QSEr9TO/uW9vU=
github.com/aws/aws-sdk-go-v2/service/sts v1.7.0/go.mod h1:0qcSMCyASQPN2sk/1KQLQ2Fh6yq8wm0HSDAimPhzCoM=
github.com/aws/smithy-go v1.8.0 h1:AEwwwXQZtUwP5Mz506FeXXrKBe0jA8gVM+1gEcSRooc=
github.com/aws/smithy-go v1.8.0/go.mod h1:SObp3lf9smib00L/v3U2eAKG8FyQ7iLrJnQiAmR5n+E=
github.com/davecgh/go-spew v1.1.0/go.mod h1:J7Y8YcW2NihsgmVo/mv3lAwl/skON4iLHjSsI+c5H38=
github.com/davecgh/go-spew v1.1.1 h1:vj9j/u1bqnvCEfJOwUhtlOARqs3+rkHYY13jYWTU97c=
github.com/davecgh/go-spew v1.1.1/go.mod h1:J7Y8YcW2NihsgmVo/mv3lAwl/skON4iLHjSsI+c5H38=
github.com/go-kit/log v0.1.0 h1:DGJh0Sm43HbOeYDNnVZFl8BvcYVvjD5bqYJvp0REbwQ=
github.com/go-kit/log v0.1.0/go.mod h1:zbhenjAZHb184qTLMA9ZjW7ThYL0H2mk7Q6pNt4vbaY=
github.com/go-logfmt/logfmt v0.5.0/go.mod h1:wCYkCAKZfumFQihp8CzCvQ3paCTfi41vtzG1KdI/P7A=
github.com/go-logfmt/logfmt v0.5.1 h1:otpy5pqBCBZ1ng9RQ0dPu4PN7ba75Y/aA+UpowDyNVA=
github.com/go-logfmt/logfmt v0.5.1/go.mod h1:WYhtIu8zTZfxdn5+rREduYbwxfcBr/Vr6KEVveWlfTs=
github.com/go-stack/stack v1.8.0 h1:5SgMzNM5HxrEjV0ww2lTmX6E2Izsfxas4+YHWRs3Lsk=
github.com/go-stack/stack v1.8.0/go.mod h1:v0f6uXyyMGvRgIKkXu+yp6POWl0qKG85gN/melR3HDY=
github.com/google/go-cmp v0.5.4/go.mod h1:v8dTdLbMG2kIc/vJvl+f65V22dbkXbowE6jgT/gNBxE=
github.com/google/go-cmp v0.5.6 h1:BKbKCqvP6I+rmFHt06ZmyQtvB8xAkWdhFyr0ZUNZcxQ=
github.com/google/go-cmp v0.5.6/go.mod h1:v8dTdLbMG2kIc/vJvl+f65V22dbkXbowE6jgT/gNBxE=
github.com/iancoleman/strcase v0.2.0 h1:05I4QRnGpI0m37iZQRuskXh+w77mr6Z41lwQzuHLwW0=
github.com/iancoleman/strcase v0.2.0/go.mod h1:iwCmte+B7n89clKwxIoIXy/HfoL7AsD47ZCWhYzw7ho=
github.com/jmespath/go-jmespath v0.4.0/go.mod h1:T8mJZnbsbmF+m6zOOFylbeCJqk5+pHWvzYPziyZiYoo=
github.com/jmespath/go-jmespath/internal/testify v1.5.1/go.mod h1:L3OGu8Wl2/fWfCI6z80xFu9LTZmf1ZRjMHUOPmWr69U=
github.com/kr/pretty v0.1.0 h1:L/CwN0zerZDmRFUapSPitk6f+Q3+0za1rQkzVuMiMFI=
github.com/kr/pretty v0.1.0/go.mod h1:dAy3ld7l9f0ibDNOQOHHMYYIIbhfbHSm3C4ZsoJORNo=
github.com/kr/pty v1.1.1/go.mod h1:pFQYn66WHrOpPYNljwOMqo10TkYh1fy3cYio2l3bCsQ=
github.com/kr/text v0.1.0 h1:45sCR5RtlFHMR4UwH9sdQ5TC8v0qDQCHnXt+kaKSTVE=
github.com/kr/text v0.1.0/go.mod h1:4Jbv+DJW3UT/LiOwJeYQe1efqtUx/iVham/4vfdArNI=
github.com/pmezard/go-difflib v1.0.0 h1:4DBwDE0NGyQoBHbLQYPwSUPoCMWR5BEzIk/f1lZbAQM=
github.com/pmezard/go-difflib v1.0.0/go.mod h1:iKH77koFhYxTK1pcRnkKkqfTogsbg7gZNVY4sRDYZ/4=
github.com/stretchr/objx v0.1.0/go.mod h1:HFkY916IF+rwdDfMAkV7OtwuqBVzrE8GR6GFx+wExME=
github.com/stretchr/testify v1.4.0 h1:2E4SXV/wtOkTonXsotYi4li6zVWxYlZuYNCXe9XRJyk=
github.com/stretchr/testify v1.4.0/go.mod h1:j7eGeouHqKxXV5pUuKE4zz7dFj8WfuZ+81PSLYec5m4=
golang.org/x/xerrors v0.0.0-20191204190536-9bdfabe68543/go.mod h1:I/5z698sn9Ka8TeJc9MKroUUfqBBauWjQqLJ2OPfmY0=
golang.org/x/xerrors v0.0.0-20200804184101-5ec99f83aff1 h1:go1bK/D/BFZV2I8cIQd1NKEZ+0owSTG1fDTci4IqFcE=
golang.org/x/xerrors v0.0.0-20200804184101-5ec99f83aff1/go.mod h1:I/5z698sn9Ka8TeJc9MKroUUfqBBauWjQqLJ2OPfmY0=
gopkg.in/alecthomas/kingpin.v2 v2.2.6 h1:jMFz6MfLP0/4fUyZle81rXUoxOBFi19VUFKVDOQfozc=
gopkg.in/alecthomas/kingpin.v2 v2.2.6/go.mod h1:FMv+mEhP44yOT+4EoQTLFTRgOQ1FBLkstjWtayDeSgw=
gopkg.in/check.v1 v0.0.0-20161208181325-20d25e280405/go.mod h1:Co6ibVJAznAaIkqp8huTwlJQCZ016jof/cbN4VW5Yz0=
gopkg.in/check.v1 v1.0.0-20190902080502-41f04d3bba15 h1:YR8cESwS4TdDjEe65xsg0ogRM/Nc3DYOhEAlW+xobZo=
gopkg.in/check.v1 v1.0.0-20190902080502-41f04d3bba15/go.mod h1:Co6ibVJAznAaIkqp8huTwlJQCZ016jof/cbN4VW5Yz0=
gopkg.in/yaml.v2 v2.2.2/go.mod h1:hI93XBmqTisBFMUTm0b8Fm+jr3Dg1NNxqwp+5A1VGuI=
gopkg.in/yaml.v2 v2.2.8/go.mod h1:hI93XBmqTisBFMUTm0b8Fm+jr3Dg1NNxqwp+5A1VGuI=
gopkg.in/yaml.v2 v2.4.0 h1:D8xgwECY7CYvx+Y2n4sBz93Jn9JRvxdiyyo8CTfuKaY=
gopkg.in/yaml.v2 v2.4.0/go.mod h1:RDklbk79AGWmwhnvt/jBztapEOGDOx6ZbXqjP6csGnQ=
